
Microsoft Visual Studio Solution File, Format Version 12.00
# Visual Studio Version 16
VisualStudioVersion = 16.0.29111.141
MinimumVisualStudioVersion = 10.0.40219.1
Project("{FAE04EC0-301F-11D3-BF4B-00C04F79EFBC}") = "GeoLocation", "GeoLocation\GeoLocation.csproj", "{01DC55C2-A63F-4F2A-9A0E-33856DDA070D}"
EndProject
Global
	GlobalSection(SolutionConfigurationPlatforms) = preSolution
		Debug|Any CPU = Debug|Any CPU
		Release|Any CPU = Release|Any CPU
	EndGlobalSection
	GlobalSection(ProjectConfigurationPlatforms) = postSolution
		{01DC55C2-A63F-4F2A-9A0E-33856DDA070D}.Debug|Any CPU.ActiveCfg = Debug|Any CPU
		{01DC55C2-A63F-4F2A-9A0E-33856DDA070D}.Debug|Any CPU.Build.0 = Debug|Any CPU
		{01DC55C2-A63F-4F2A-9A0E-33856DDA070D}.Release|Any CPU.ActiveCfg = Release|Any CPU
		{01DC55C2-A63F-4F2A-9A0E-33856DDA070D}.Release|Any CPU.Build.0 = Release|Any CPU
	EndGlobalSection
	GlobalSection(SolutionProperties) = preSolution
		HideSolutionNode = FALSE
	EndGlobalSection
	GlobalSection(ExtensibilityGlobals) = postSolution
		SolutionGuid = {EE546EF7-3BE9-48DF-931C-37792A093FFA}
	EndGlobalSection
EndGlobal
